
Microsoft Visual Studio Solution File, Format Version 12.00
Project("{FAE04EC0-301F-11D3-BF4B-00C04F79EFBC}") = "FlexFramework", "FlexFramework\FlexFramework.csproj", "{4CA4C671-5248-4770-A692-1FB63B2914E0}"
EndProject
Project("{FAE04EC0-301F-11D3-BF4B-00C04F79EFBC}") = "Textwriter", "Textwriter\Textwriter.csproj", "{18018576-BF8F-456C-9DD7-991C90DCDC46}"
EndProject
Project("{FAE04EC0-301F-11D3-BF4B-00C04F79EFBC}") = "HardFuzz", "HardFuzz\HardFuzz.csproj", "{4203BD75-7A07-4705-B8C7-1A47FD63322C}"
EndProject
Project("{FAE04EC0-301F-11D3-BF4B-00C04F79EFBC}") = "SharpFont", "SharpFont\SharpFont.csproj", "{ADE0551E-6AAA-49A3-9294-5E7030DDD9E5}"
EndProject
Project("{FAE04EC0-301F-11D3-BF4B-00C04F79EFBC}") = "ArrhythmicBattles", "ArrhythmicBattles\ArrhythmicBattles.csproj", "{24A57AC7-171D-43FC-992F-20135A758107}"
EndProject
Project("{FAE04EC0-301F-11D3-BF4B-00C04F79EFBC}") = "ArrhythmicBattles.Server", "ArrhythmicBattles.Server\ArrhythmicBattles.Server.csproj", "{3C56076C-3380-491F-A01D-3564AE429C32}"
EndProject
Project("{FAE04EC0-301F-11D3-BF4B-00C04F79EFBC}") = "ArrhythmicBattles.Networking", "ArrhythmicBattles.Networking\ArrhythmicBattles.Networking.csproj", "{9C69C965-15E4-4F81-8EA3-5F0E9DCE4F35}"
EndProject
Project("{FAE04EC0-301F-11D3-BF4B-00C04F79EFBC}") = "ArrhythmicBattles.Common", "ArrhythmicBattles.Common\ArrhythmicBattles.Common.csproj", "{2960E67B-4618-4E60-A8F9-36070D4EAE3D}"
EndProject
Project("{FAE04EC0-301F-11D3-BF4B-00C04F79EFBC}") = "ClientNetworkTest", "ClientNetworkTest\ClientNetworkTest.csproj", "{0564B712-8A53-4F79-910B-E92CA04FEE5D}"
EndProject
Project("{FAE04EC0-301F-11D3-BF4B-00C04F79EFBC}") = "ABDedicatedServer", "ABDedicatedServer\ABDedicatedServer.csproj", "{12FFE98D-EDA4-4269-9311-23CAB63FCE52}"
EndProject
Project("{FAE04EC0-301F-11D3-BF4B-00C04F79EFBC}") = "Glide", "Glide\Glide.csproj", "{DDC1EA46-A239-48B2-A9CE-951751CC9CDE}"
EndProject
Project("{FAE04EC0-301F-11D3-BF4B-00C04F79EFBC}") = "MsdfGenNet", "MsdfGenNet\MsdfGenNet.csproj", "{E6A6A52E-E4C7-4748-B3DE-240042F56D2D}"
EndProject
Global
	GlobalSection(SolutionConfigurationPlatforms) = preSolution
		Debug|Any CPU = Debug|Any CPU
		Release|Any CPU = Release|Any CPU
	EndGlobalSection
	GlobalSection(ProjectConfigurationPlatforms) = postSolution
		{4CA4C671-5248-4770-A692-1FB63B2914E0}.Debug|Any CPU.ActiveCfg = Debug|Any CPU
		{4CA4C671-5248-4770-A692-1FB63B2914E0}.Debug|Any CPU.Build.0 = Debug|Any CPU
		{4CA4C671-5248-4770-A692-1FB63B2914E0}.Release|Any CPU.ActiveCfg = Release|Any CPU
		{4CA4C671-5248-4770-A692-1FB63B2914E0}.Release|Any CPU.Build.0 = Release|Any CPU
		{18018576-BF8F-456C-9DD7-991C90DCDC46}.Debug|Any CPU.ActiveCfg = Debug|Any CPU
		{18018576-BF8F-456C-9DD7-991C90DCDC46}.Debug|Any CPU.Build.0 = Debug|Any CPU
		{18018576-BF8F-456C-9DD7-991C90DCDC46}.Release|Any CPU.ActiveCfg = Release|Any CPU
		{18018576-BF8F-456C-9DD7-991C90DCDC46}.Release|Any CPU.Build.0 = Release|Any CPU
		{4203BD75-7A07-4705-B8C7-1A47FD63322C}.Debug|Any CPU.ActiveCfg = Debug|Any CPU
		{4203BD75-7A07-4705-B8C7-1A47FD63322C}.Debug|Any CPU.Build.0 = Debug|Any CPU
		{4203BD75-7A07-4705-B8C7-1A47FD63322C}.Release|Any CPU.ActiveCfg = Release|Any CPU
		{4203BD75-7A07-4705-B8C7-1A47FD63322C}.Release|Any CPU.Build.0 = Release|Any CPU
		{ADE0551E-6AAA-49A3-9294-5E7030DDD9E5}.Debug|Any CPU.ActiveCfg = Debug|Any CPU
		{ADE0551E-6AAA-49A3-9294-5E7030DDD9E5}.Debug|Any CPU.Build.0 = Debug|Any CPU
		{ADE0551E-6AAA-49A3-9294-5E7030DDD9E5}.Release|Any CPU.ActiveCfg = Release|Any CPU
		{ADE0551E-6AAA-49A3-9294-5E7030DDD9E5}.Release|Any CPU.Build.0 = Release|Any CPU
		{24A57AC7-171D-43FC-992F-20135A758107}.Debug|Any CPU.ActiveCfg = Debug|Any CPU
		{24A57AC7-171D-43FC-992F-20135A758107}.Debug|Any CPU.Build.0 = Debug|Any CPU
		{24A57AC7-171D-43FC-992F-20135A758107}.Release|Any CPU.ActiveCfg = Release|Any CPU
		{24A57AC7-171D-43FC-992F-20135A758107}.Release|Any CPU.Build.0 = Release|Any CPU
		{3C56076C-3380-491F-A01D-3564AE429C32}.Debug|Any CPU.ActiveCfg = Debug|Any CPU
		{3C56076C-3380-491F-A01D-3564AE429C32}.Debug|Any CPU.Build.0 = Debug|Any CPU
		{3C56076C-3380-491F-A01D-3564AE429C32}.Release|Any CPU.ActiveCfg = Release|Any CPU
		{3C56076C-3380-491F-A01D-3564AE429C32}.Release|Any CPU.Build.0 = Release|Any CPU
		{9C69C965-15E4-4F81-8EA3-5F0E9DCE4F35}.Debug|Any CPU.ActiveCfg = Debug|Any CPU
		{9C69C965-15E4-4F81-8EA3-5F0E9DCE4F35}.Debug|Any CPU.Build.0 = Debug|Any CPU
		{9C69C965-15E4-4F81-8EA3-5F0E9DCE4F35}.Release|Any CPU.ActiveCfg = Release|Any CPU
		{9C69C965-15E4-4F81-8EA3-5F0E9DCE4F35}.Release|Any CPU.Build.0 = Release|Any CPU
		{2960E67B-4618-4E60-A8F9-36070D4EAE3D}.Debug|Any CPU.ActiveCfg = Debug|Any CPU
		{2960E67B-4618-4E60-A8F9-36070D4EAE3D}.Debug|Any CPU.Build.0 = Debug|Any CPU
		{2960E67B-4618-4E60-A8F9-36070D4EAE3D}.Release|Any CPU.ActiveCfg = Release|Any CPU
		{2960E67B-4618-4E60-A8F9-36070D4EAE3D}.Release|Any CPU.Build.0 = Release|Any CPU
		{0564B712-8A53-4F79-910B-E92CA04FEE5D}.Debug|Any CPU.ActiveCfg = Debug|Any CPU
		{0564B712-8A53-4F79-910B-E92CA04FEE5D}.Debug|Any CPU.Build.0 = Debug|Any CPU
		{0564B712-8A53-4F79-910B-E92CA04FEE5D}.Release|Any CPU.ActiveCfg = Release|Any CPU
		{0564B712-8A53-4F79-910B-E92CA04FEE5D}.Release|Any CPU.Build.0 = Release|Any CPU
		{12FFE98D-EDA4-4269-9311-23CAB63FCE52}.Debug|Any CPU.ActiveCfg = Debug|Any CPU
		{12FFE98D-EDA4-4269-9311-23CAB63FCE52}.Debug|Any CPU.Build.0 = Debug|Any CPU
		{12FFE98D-EDA4-4269-9311-23CAB63FCE52}.Release|Any CPU.ActiveCfg = Release|Any CPU
		{12FFE98D-EDA4-4269-9311-23CAB63FCE52}.Release|Any CPU.Build.0 = Release|Any CPU
		{DDC1EA46-A239-48B2-A9CE-951751CC9CDE}.Debug|Any CPU.ActiveCfg = Debug|Any CPU
		{DDC1EA46-A239-48B2-A9CE-951751CC9CDE}.Debug|Any CPU.Build.0 = Debug|Any CPU
		{DDC1EA46-A239-48B2-A9CE-951751CC9CDE}.Release|Any CPU.ActiveCfg = Release|Any CPU
		{DDC1EA46-A239-48B2-A9CE-951751CC9CDE}.Release|Any CPU.Build.0 = Release|Any CPU
		{E6A6A52E-E4C7-4748-B3DE-240042F56D2D}.Debug|Any CPU.ActiveCfg = Debug|Any CPU
		{E6A6A52E-E4C7-4748-B3DE-240042F56D2D}.Debug|Any CPU.Build.0 = Debug|Any CPU
		{E6A6A52E-E4C7-4748-B3DE-240042F56D2D}.Release|Any CPU.ActiveCfg = Release|Any CPU
		{E6A6A52E-E4C7-4748-B3DE-240042F56D2D}.Release|Any CPU.Build.0 = Release|Any CPU
	EndGlobalSection
EndGlobal
